{
  "name": "tslint-config-clean-code",
  "version": "1.2.0",
  "lockfileVersion": 1,
  "requires": true,
  "dependencies": {
    "@fimbul/bifrost": {
      "version": "0.17.0",
      "resolved": "https://registry.npmjs.org/@fimbul/bifrost/-/bifrost-0.17.0.tgz",
      "integrity": "sha512-gVTkJAOef5HtN6LPmrtt5fAUmBywwlgmObsU3FBhPoNeXPLaIl2zywXkJEtvvVLQnaFmtff3x+wIj5lHRCDE3Q==",
      "requires": {
        "@fimbul/ymir": "^0.17.0",
        "get-caller-file": "^2.0.0",
        "tslib": "^1.8.1",
        "tsutils": "^3.5.0"
      },
      "dependencies": {
        "tsutils": {
          "version": "3.9.1",
          "resolved": "https://registry.npmjs.org/tsutils/-/tsutils-3.9.1.tgz",
          "integrity": "sha512-hrxVtLtPqQr//p8/msPT1X1UYXUjizqSit5d9AQ5k38TcV38NyecL5xODNxa73cLe/5sdiJ+w1FqzDhRBA/anA==",
          "requires": {
            "tslib": "^1.8.1"
          }
        }
      }
    },
    "@fimbul/ymir": {
      "version": "0.17.0",
      "resolved": "https://registry.npmjs.org/@fimbul/ymir/-/ymir-0.17.0.tgz",
      "integrity": "sha512-xMXM9KTXRLHLVS6dnX1JhHNEkmWHcAVCQ/4+DA1KKwC/AFnGHzu/7QfQttEPgw3xplT+ILf9e3i64jrFwB3JtA==",
      "requires": {
        "inversify": "^5.0.0",
        "reflect-metadata": "^0.1.12",
        "tslib": "^1.8.1"
      }
    },
    "doctrine": {
      "version": "0.7.2",
      "resolved": "https://registry.npmjs.org/doctrine/-/doctrine-0.7.2.tgz",
      "integrity": "sha1-fLhgNZujvpDgQLJrcpzkv6ZUxSM=",
      "requires": {
        "esutils": "^1.1.6",
        "isarray": "0.0.1"
      }
    },
    "esutils": {
      "version": "1.1.6",
      "resolved": "https://registry.npmjs.org/esutils/-/esutils-1.1.6.tgz",
      "integrity": "sha1-wBzKqa5LiXxtDD4hCuUvPHqEQ3U="
    },
    "get-caller-file": {
      "version": "2.0.5",
      "resolved": "https://registry.npmjs.org/get-caller-file/-/get-caller-file-2.0.5.tgz",
      "integrity": "sha512-DyFP3BM/3YHTQOCUL/w0OZHR0lpKeGrxotcHWcqNEdnltqFwXVfhEBQ94eIo34AfQpo0rGki4cyIiftY06h2Fg=="
    },
    "immutable": {
      "version": "3.8.2",
      "resolved": "https://registry.npmjs.org/immutable/-/immutable-3.8.2.tgz",
      "integrity": "sha1-wkOZUUVbs5kT2vKBN28VMOEErfM="
    },
    "inversify": {
      "version": "5.0.1",
      "resolved": "https://registry.npmjs.org/inversify/-/inversify-5.0.1.tgz",
      "integrity": "sha512-Ieh06s48WnEYGcqHepdsJUIJUXpwH5o5vodAX+DK2JA/gjy4EbEcQZxw+uFfzysmKjiLXGYwNG3qDZsKVMcINQ=="
    },
    "isarray": {
      "version": "0.0.1",
      "resolved": "https://registry.npmjs.org/isarray/-/isarray-0.0.1.tgz",
      "integrity": "sha1-ihis/Kmo9Bd+Cav8YDiTmwXR7t8="
    },
    "reflect-metadata": {
      "version": "0.1.13",
      "resolved": "https://registry.npmjs.org/reflect-metadata/-/reflect-metadata-0.1.13.tgz",
      "integrity": "sha512-Ts1Y/anZELhSsjMcU605fU9RE4Oi3p5ORujwbIKXfWa+0Zxs510Qrmrce5/Jowq3cHSZSJqBjypxmHarc+vEWg=="
    },
    "tslib": {
      "version": "1.9.3",
      "resolved": "https://registry.npmjs.org/tslib/-/tslib-1.9.3.tgz",
      "integrity": "sha512-4krF8scpejhaOgqzBEcGM7yDIEfi0/8+8zDRZhNZZ2kjmHJ4hv3zCbQWxoJGz1iw5U0Jl0nma13xzHXcncMavQ=="
    },
    "tslint-consistent-codestyle": {
      "version": "1.15.1",
      "resolved": "https://registry.npmjs.org/tslint-consistent-codestyle/-/tslint-consistent-codestyle-1.15.1.tgz",
      "integrity": "sha512-38Y3Dz4zcABe/PlPAQSGNEWPGVq0OzcIQR7SEU6dNujp/SgvhxhJOhIhI9gY4r0I3/TNtvVQwARWor9O9LPZWg==",
      "requires": {
        "@fimbul/bifrost": "^0.17.0",
        "tslib": "^1.7.1",
        "tsutils": "^2.29.0"
      }
    },
    "tslint-eslint-rules": {
      "version": "5.4.0",
      "resolved": "https://registry.npmjs.org/tslint-eslint-rules/-/tslint-eslint-rules-5.4.0.tgz",
      "integrity": "sha512-WlSXE+J2vY/VPgIcqQuijMQiel+UtmXS+4nvK4ZzlDiqBfXse8FAvkNnTcYhnQyOTW5KFM+uRRGXxYhFpuBc6w==",
      "requires": {
        "doctrine": "0.7.2",
        "tslib": "1.9.0",
        "tsutils": "^3.0.0"
      },
      "dependencies": {
        "tslib": {
          "version": "1.9.0",
          "resolved": "https://registry.npmjs.org/tslib/-/tslib-1.9.0.tgz",
          "integrity": "sha512-f/qGG2tUkrISBlQZEjEqoZ3B2+npJjIf04H1wuAv9iA8i04Icp+61KRXxFdha22670NJopsZCIjhC3SnjPRKrQ=="
        },
        "tsutils": {
          "version": "3.9.1",
          "resolved": "https://registry.npmjs.org/tsutils/-/tsutils-3.9.1.tgz",
          "integrity": "sha512-hrxVtLtPqQr//p8/msPT1X1UYXUjizqSit5d9AQ5k38TcV38NyecL5xODNxa73cLe/5sdiJ+w1FqzDhRBA/anA==",
          "requires": {
            "tslib": "^1.8.1"
          }
        }
      }
    },
    "tslint-microsoft-contrib": {
      "version": "6.1.0",
      "resolved": "https://registry.npmjs.org/tslint-microsoft-contrib/-/tslint-microsoft-contrib-6.1.0.tgz",
      "integrity": "sha512-8DgmiPTgNQSYTjrKKv/h1aHnDd7EkGAjTxatrjfSDp5jUXENGI7Qj7qi7T8xBdTZN9Z3nb80u0NhdBBOMcQFHg==",
      "requires": {
        "tsutils": "^2.27.2 <2.29.0"
      },
      "dependencies": {
        "tsutils": {
          "version": "2.28.0",
          "resolved": "https://registry.npmjs.org/tsutils/-/tsutils-2.28.0.tgz",
          "integrity": "sha512-bh5nAtW0tuhvOJnx1GLRn5ScraRLICGyJV5wJhtRWOLsxW70Kk5tZtpK3O/hW6LDnqKS9mlUMPZj9fEMJ0gxqA==",
          "requires": {
            "tslib": "^1.8.1"
          }
        }
      }
    },
    "tslint-no-circular-imports": {
      "version": "0.6.2",
      "resolved": "https://registry.npmjs.org/tslint-no-circular-imports/-/tslint-no-circular-imports-0.6.2.tgz",
      "integrity": "sha512-WtOE8ArVcZzFDw62Ya/tzk0VeB4xLh4V0Eft2jxKHqUpDzz2S6J63AnhQv3YVyChaj7G4tBhPBE0tcVAflsw4A=="
    },
    "tslint-react": {
      "version": "3.6.0",
      "resolved": "https://registry.npmjs.org/tslint-react/-/tslint-react-3.6.0.tgz",
      "integrity": "sha512-AIv1QcsSnj7e9pFir6cJ6vIncTqxfqeFF3Lzh8SuuBljueYzEAtByuB6zMaD27BL0xhMEqsZ9s5eHuCONydjBw==",
      "requires": {
        "tsutils": "^2.13.1"
      }
    },
    "tslint-sonarts": {
      "version": "1.9.0",
      "resolved": "https://registry.npmjs.org/tslint-sonarts/-/tslint-sonarts-1.9.0.tgz",
      "integrity": "sha512-CJWt+IiYI8qggb2O/JPkS6CkC5DY1IcqRsm9EHJ+AxoWK70lvtP7jguochyNDMP2vIz/giGdWCfEM39x/I/Vnw==",
      "requires": {
        "immutable": "^3.8.2"
      }
    },
    "tsutils": {
      "version": "2.29.0",
      "resolved": "https://registry.npmjs.org/tsutils/-/tsutils-2.29.0.tgz",
      "integrity": "sha512-g5JVHCIJwzfISaXpXE1qvNalca5Jwob6FjI4AoPlqMusJ6ftFE7IkkFoMhVLRgK+4Kx3gkzb8UZK5t5yTTvEmA==",
      "requires": {
        "tslib": "^1.8.1"
      }
    }
  }
}
